
Microsoft Visual Studio Solution File, Format Version 12.00
# Visual Studio 15
VisualStudioVersion = 15.0.28307.1622
MinimumVisualStudioVersion = 10.0.40219.1
Project("{8BC9CEB8-8B4A-11D0-8D11-00A0C91BC942}") = "通讯录管理系统", "通讯录管理系统\通讯录管理系统.vcxproj", "{6C7D1332-9B75-4B96-A597-63AF3F03DEC0}"
EndProject
Global
	GlobalSection(SolutionConfigurationPlatforms) = preSolution
		Debug|x64 = Debug|x64
		Debug|x86 = Debug|x86
		Release|x64 = Release|x64
		Release|x86 = Release|x86
	EndGlobalSection
	GlobalSection(ProjectConfigurationPlatforms) = postSolution
		{6C7D1332-9B75-4B96-A597-63AF3F03DEC0}.Debug|x64.ActiveCfg = Debug|x64
		{6C7D1332-9B75-4B96-A597-63AF3F03DEC0}.Debug|x64.Build.0 = Debug|x64
		{6C7D1332-9B75-4B96-A597-63AF3F03DEC0}.Debug|x86.ActiveCfg = Debug|Win32
		{6C7D1332-9B75-4B96-A597-63AF3F03DEC0}.Debug|x86.Build.0 = Debug|Win32
		{6C7D1332-9B75-4B96-A597-63AF3F03DEC0}.Release|x64.ActiveCfg = Release|x64
		{6C7D1332-9B75-4B96-A597-63AF3F03DEC0}.Release|x64.Build.0 = Release|x64
		{6C7D1332-9B75-4B96-A597-63AF3F03DEC0}.Release|x86.ActiveCfg = Release|Win32
		{6C7D1332-9B75-4B96-A597-63AF3F03DEC0}.Release|x86.Build.0 = Release|Win32
	EndGlobalSection
	GlobalSection(SolutionProperties) = preSolution
		HideSolutionNode = FALSE
	EndGlobalSection
	GlobalSection(ExtensibilityGlobals) = postSolution
		SolutionGuid = {6D4886E7-6654-4931-BD8F-89F7FCB26BEE}
	EndGlobalSection
EndGlobal
