<?xml version="1.0" encoding="utf-8"?>
<Project ToolsVersion="4.0" xmlns="http://schemas.microsoft.com/developer/msbuild/2003">
  <ItemGroup>
    <Filter Include="源文件">
      <UniqueIdentifier>{4FC737F1-C7A5-4376-A066-2A32D752A2FF}</UniqueIdentifier>
      <Extensions>cpp;c;cc;cxx;def;odl;idl;hpj;bat;asm;asmx</Extensions>
    </Filter>
    <Filter Include="头文件">
      <UniqueIdentifier>{93995380-89BD-4b04-88EB-625FBE52EBFB}</UniqueIdentifier>
      <Extensions>h;hh;hpp;hxx;hm;inl;inc;ipp;xsd</Extensions>
    </Filter>
    <Filter Include="资源文件">
      <UniqueIdentifier>{67DA6AB6-F800-4c08-8B7A-83BB121AAD01}</UniqueIdentifier>
      <Extensions>rc;ico;cur;bmp;dlg;rc2;rct;bin;rgs;gif;jpg;jpeg;jpe;resx;tiff;tif;png;wav;mfcribbon-ms</Extensions>
    </Filter>
  </ItemGroup>
  <ItemGroup>
    <ClCompile Include="01 书写helloworld.cpp">
      <Filter>源文件</Filter>
    </ClCompile>
    <ClCompile Include="03变量.cpp">
      <Filter>源文件</Filter>
    </ClCompile>
    <ClCompile Include="04常量.cpp">
      <Filter>源文件</Filter>
    </ClCompile>
    <ClCompile Include="08数据类型-整形.cpp">
      <Filter>源文件</Filter>
    </ClCompile>
    <ClCompile Include="09sizeof.cpp">
      <Filter>源文件</Filter>
    </ClCompile>
    <ClCompile Include="10实型（浮点型）.cpp">
      <Filter>源文件</Filter>
    </ClCompile>
    <ClCompile Include="11字符型.cpp">
      <Filter>源文件</Filter>
    </ClCompile>
    <ClCompile Include="15数据输入.cpp">
      <Filter>源文件</Filter>
    </ClCompile>
    <ClCompile Include="18递增递减运算.cpp">
      <Filter>源文件</Filter>
    </ClCompile>
    <ClCompile Include="24选择结构.cpp">
      <Filter>源文件</Filter>
    </ClCompile>
    <ClCompile Include="28三只小猪称重案例.cpp">
      <Filter>源文件</Filter>
    </ClCompile>
    <ClCompile Include="29三目运算符.cpp">
      <Filter>源文件</Filter>
    </ClCompile>
    <ClCompile Include="31while循环.cpp">
      <Filter>源文件</Filter>
    </ClCompile>
    <ClCompile Include="32猜数字案例.cpp">
      <Filter>源文件</Filter>
    </ClCompile>
    <ClCompile Include="basic代码.cpp">
      <Filter>源文件</Filter>
    </ClCompile>
    <ClCompile Include="34水仙花数案例.cpp">
      <Filter>源文件</Filter>
    </ClCompile>
    <ClCompile Include="36敲桌子案例.cpp">
      <Filter>源文件</Filter>
    </ClCompile>
    <ClCompile Include="37嵌套循环.cpp">
      <Filter>源文件</Filter>
    </ClCompile>
    <ClCompile Include="38乘法口诀表.cpp">
      <Filter>源文件</Filter>
    </ClCompile>
    <ClCompile Include="44五只小猪称体重.cpp">
      <Filter>源文件</Filter>
    </ClCompile>
    <ClCompile Include="46冒泡排序.cpp">
      <Filter>源文件</Filter>
    </ClCompile>
  </ItemGroup>
</Project>